{
  "version": 4,
  "terraform_version": "1.12.2",
  "serial": 68,
  "lineage": "ff04ebf8-423b-caaa-5430-62824e6d2cd5",
  "outputs": {},
  "resources": [
    {
      "mode": "managed",
      "type": "oci_core_default_route_table",
      "name": "std_route_tbl",
      "provider": "provider[\"registry.terraform.io/oracle/oci\"]",
      "instances": [
        {
          "schema_version": 0,
          "attributes": {
            "compartment_id": "ocid1.tenancy.oc1..aaaaaaaaqp62oj6rwtryetqsgfawpqabixaqxihevyj23sag3rftzkr5xlda",
            "defined_tags": {},
            "display_name": "oci_learn_std_route_tbl",
            "freeform_tags": {
              "CreatedBy": "Terraform Scripts - VCN",
              "CreatedOn": "2025-07-25"
            },
            "id": "ocid1.routetable.oc1.ap-mumbai-1.aaaaaaaaomxpm4a2kt4augi3pq7pss4pnggj2nufxzcarcwfbf5rphvdzadq",
            "manage_default_resource_id": "ocid1.routetable.oc1.ap-mumbai-1.aaaaaaaaomxpm4a2kt4augi3pq7pss4pnggj2nufxzcarcwfbf5rphvdzadq",
            "route_rules": [
              {
                "cidr_block": "",
                "description": "",
                "destination": "0.0.0.0/0",
                "destination_type": "CIDR_BLOCK",
                "network_entity_id": "ocid1.internetgateway.oc1.ap-mumbai-1.aaaaaaaayurtue2vsg32llmi66lhnlkk3iphei6ewge7l4yvxrlwmh5n2ruq",
                "route_type": ""
              }
            ],
            "state": "AVAILABLE",
            "time_created": "2025-07-25 18:52:55.914 +0000 UTC",
            "timeouts": null
          },
          "sensitive_attributes": [
            [
              {
                "type": "get_attr",
                "value": "compartment_id"
              }
            ]
          ],
          "identity_schema_version": 0,
          "private": "eyJlMmJmYjczMC1lY2FhLTExZTYtOGY4OC0zNDM2M2JjN2M0YzAiOnsiY3JlYXRlIjoxMjAwMDAwMDAwMDAwLCJkZWxldGUiOjEyMDAwMDAwMDAwMDAsInVwZGF0ZSI6MTIwMDAwMDAwMDAwMH19",
          "dependencies": [
            "oci_core_internet_gateway.inet_gateway1",
            "oci_core_vcn.vcn1"
          ]
        }
      ]
    },
    {
      "mode": "managed",
      "type": "oci_core_default_security_list",
      "name": "std_sec_list",
      "provider": "provider[\"registry.terraform.io/oracle/oci\"]",
      "instances": [
        {
          "schema_version": 0,
          "attributes": {
            "compartment_id": "ocid1.tenancy.oc1..aaaaaaaaqp62oj6rwtryetqsgfawpqabixaqxihevyj23sag3rftzkr5xlda",
            "defined_tags": {},
            "display_name": "oci_learn_std_sec_list",
            "egress_security_rules": [],
            "freeform_tags": {
              "CreatedBy": "Terraform Scripts - Security List",
              "CreatedOn": "2025-07-25"
            },
            "id": "ocid1.securitylist.oc1.ap-mumbai-1.aaaaaaaavdawue4abrivauk7j77fbf2cxbbjtc77ldjzpc2uuyesqug7wrtq",
            "ingress_security_rules": [
              {
                "description": "",
                "icmp_options": [],
                "protocol": "6",
                "source": "0.0.0.0/0",
                "source_type": "CIDR_BLOCK",
                "stateless": false,
                "tcp_options": [
                  {
                    "max": 80,
                    "min": 80,
                    "source_port_range": []
                  }
                ],
                "udp_options": []
              }
            ],
            "manage_default_resource_id": "ocid1.securitylist.oc1.ap-mumbai-1.aaaaaaaavdawue4abrivauk7j77fbf2cxbbjtc77ldjzpc2uuyesqug7wrtq",
            "state": "AVAILABLE",
            "time_created": "2025-07-25 18:52:55.914 +0000 UTC",
            "timeouts": null
          },
          "sensitive_attributes": [
            [
              {
                "type": "get_attr",
                "value": "compartment_id"
              }
            ]
          ],
          "identity_schema_version": 0,
          "private": "eyJlMmJmYjczMC1lY2FhLTExZTYtOGY4OC0zNDM2M2JjN2M0YzAiOnsiY3JlYXRlIjoxMjAwMDAwMDAwMDAwLCJkZWxldGUiOjEyMDAwMDAwMDAwMDAsInVwZGF0ZSI6MTIwMDAwMDAwMDAwMH19",
          "dependencies": [
            "oci_core_vcn.vcn1"
          ]
        }
      ]
    },
    {
      "mode": "managed",
      "type": "oci_core_internet_gateway",
      "name": "inet_gateway1",
      "provider": "provider[\"registry.terraform.io/oracle/oci\"]",
      "instances": [
        {
          "schema_version": 0,
          "attributes": {
            "compartment_id": "ocid1.tenancy.oc1..aaaaaaaaqp62oj6rwtryetqsgfawpqabixaqxihevyj23sag3rftzkr5xlda",
            "defined_tags": {},
            "display_name": "oci_learn_inet_gateway_1",
            "enabled": true,
            "freeform_tags": {
              "CreatedBy": "Terraform Scripts- Internet Gateway",
              "CreatedOn": "2025-07-25"
            },
            "id": "ocid1.internetgateway.oc1.ap-mumbai-1.aaaaaaaayurtue2vsg32llmi66lhnlkk3iphei6ewge7l4yvxrlwmh5n2ruq",
            "route_table_id": null,
            "state": "AVAILABLE",
            "time_created": "2025-07-25 18:52:56.609 +0000 UTC",
            "timeouts": null,
            "vcn_id": "ocid1.vcn.oc1.ap-mumbai-1.amaaaaaa2pzxftaa6wg2dd2m3gulrx7cdcgd5an5o4g5tmaflkvq5mzrbtqa"
          },
          "sensitive_attributes": [
            [
              {
                "type": "get_attr",
                "value": "compartment_id"
              }
            ]
          ],
          "identity_schema_version": 0,
          "private": "eyJlMmJmYjczMC1lY2FhLTExZTYtOGY4OC0zNDM2M2JjN2M0YzAiOnsiY3JlYXRlIjoxMjAwMDAwMDAwMDAwLCJkZWxldGUiOjEyMDAwMDAwMDAwMDAsInVwZGF0ZSI6MTIwMDAwMDAwMDAwMH19",
          "dependencies": [
            "oci_core_vcn.vcn1"
          ]
        }
      ]
    },
    {
      "mode": "managed",
      "type": "oci_core_subnet",
      "name": "vcn1_subnet1",
      "provider": "provider[\"registry.terraform.io/oracle/oci\"]",
      "instances": [
        {
          "schema_version": 0,
          "attributes": {
            "availability_domain": null,
            "cidr_block": "10.0.0.0/24",
            "compartment_id": "ocid1.tenancy.oc1..aaaaaaaaqp62oj6rwtryetqsgfawpqabixaqxihevyj23sag3rftzkr5xlda",
            "defined_tags": {},
            "dhcp_options_id": "ocid1.dhcpoptions.oc1.ap-mumbai-1.aaaaaaaaertvemzy6swijngrjhyeh54liuihfiqoheqdnwgmob3m6sbt54vq",
            "display_name": "oci_learn_subnet_1",
            "dns_label": "ocisubnet1",
            "freeform_tags": {
              "CreatedBy": "Terraform Scripts - Subnet",
              "CreatedOn": "2025-07-25"
            },
            "id": "ocid1.subnet.oc1.ap-mumbai-1.aaaaaaaa7btmkbo4uh2zs4dbn2xjbt2ln7prdhxnsuwucass5q6b7x2fnqvq",
            "ipv6cidr_block": null,
            "ipv6cidr_blocks": [],
            "ipv6virtual_router_ip": null,
            "prohibit_internet_ingress": false,
            "prohibit_public_ip_on_vnic": false,
            "route_table_id": "ocid1.routetable.oc1.ap-mumbai-1.aaaaaaaaomxpm4a2kt4augi3pq7pss4pnggj2nufxzcarcwfbf5rphvdzadq",
            "security_list_ids": [
              "ocid1.securitylist.oc1.ap-mumbai-1.aaaaaaaavdawue4abrivauk7j77fbf2cxbbjtc77ldjzpc2uuyesqug7wrtq"
            ],
            "state": "AVAILABLE",
            "subnet_domain_name": "ocisubnet1.ocivcn1.oraclevcn.com",
            "time_created": "2025-07-25 18:52:56.62 +0000 UTC",
            "timeouts": null,
            "vcn_id": "ocid1.vcn.oc1.ap-mumbai-1.amaaaaaa2pzxftaa6wg2dd2m3gulrx7cdcgd5an5o4g5tmaflkvq5mzrbtqa",
            "virtual_router_ip": "10.0.0.1",
            "virtual_router_mac": "00:00:17:05:52:89"
          },
          "sensitive_attributes": [
            [
              {
                "type": "get_attr",
                "value": "compartment_id"
              }
            ]
          ],
          "identity_schema_version": 0,
          "private": "eyJlMmJmYjczMC1lY2FhLTExZTYtOGY4OC0zNDM2M2JjN2M0YzAiOnsiY3JlYXRlIjoxMjAwMDAwMDAwMDAwLCJkZWxldGUiOjEyMDAwMDAwMDAwMDAsInVwZGF0ZSI6MTIwMDAwMDAwMDAwMH19",
          "dependencies": [
            "oci_core_vcn.vcn1"
          ]
        }
      ]
    },
    {
      "mode": "managed",
      "type": "oci_core_vcn",
      "name": "vcn1",
      "provider": "provider[\"registry.terraform.io/oracle/oci\"]",
      "instances": [
        {
          "schema_version": 0,
          "attributes": {
            "byoipv6cidr_blocks": [],
            "byoipv6cidr_details": null,
            "cidr_block": "10.0.0.0/16",
            "cidr_blocks": [
              "10.0.0.0/16"
            ],
            "compartment_id": "ocid1.tenancy.oc1..aaaaaaaaqp62oj6rwtryetqsgfawpqabixaqxihevyj23sag3rftzkr5xlda",
            "default_dhcp_options_id": "ocid1.dhcpoptions.oc1.ap-mumbai-1.aaaaaaaaertvemzy6swijngrjhyeh54liuihfiqoheqdnwgmob3m6sbt54vq",
            "default_route_table_id": "ocid1.routetable.oc1.ap-mumbai-1.aaaaaaaaomxpm4a2kt4augi3pq7pss4pnggj2nufxzcarcwfbf5rphvdzadq",
            "default_security_list_id": "ocid1.securitylist.oc1.ap-mumbai-1.aaaaaaaavdawue4abrivauk7j77fbf2cxbbjtc77ldjzpc2uuyesqug7wrtq",
            "defined_tags": {},
            "display_name": "oci_learn_vcn_1",
            "dns_label": "ocivcn1",
            "freeform_tags": {
              "CreatedBy": "Terraform Scripts - VCN",
              "CreatedOn": "2025-07-25"
            },
            "id": "ocid1.vcn.oc1.ap-mumbai-1.amaaaaaa2pzxftaa6wg2dd2m3gulrx7cdcgd5an5o4g5tmaflkvq5mzrbtqa",
            "ipv6cidr_blocks": [],
            "ipv6private_cidr_blocks": [],
            "is_ipv6enabled": false,
            "is_oracle_gua_allocation_enabled": null,
            "security_attributes": {},
            "state": "AVAILABLE",
            "time_created": "2025-07-25 18:52:55.914 +0000 UTC",
            "timeouts": null,
            "vcn_domain_name": "ocivcn1.oraclevcn.com"
          },
          "sensitive_attributes": [
            [
              {
                "type": "get_attr",
                "value": "compartment_id"
              }
            ]
          ],
          "identity_schema_version": 0,
          "private": "eyJlMmJmYjczMC1lY2FhLTExZTYtOGY4OC0zNDM2M2JjN2M0YzAiOnsiY3JlYXRlIjoxMjAwMDAwMDAwMDAwLCJkZWxldGUiOjEyMDAwMDAwMDAwMDAsInVwZGF0ZSI6MTIwMDAwMDAwMDAwMH19"
        }
      ]
    }
  ],
  "check_results": null
}
